
Microsoft Visual Studio Solution File, Format Version 12.00
# Visual Studio 15
VisualStudioVersion = 15.0.28307.852
MinimumVisualStudioVersion = 10.0.40219.1
Project("{FAE04EC0-301F-11D3-BF4B-00C04F79EFBC}") = "Client_Server_Chat", "Client_Server_Chat\Client_Server_Chat.csproj", "{A7BEADE7-5FE8-4338-94C7-B1B21F9C4D32}"
EndProject
Project("{FAE04EC0-301F-11D3-BF4B-00C04F79EFBC}") = "Host_", "Host_\Host_.csproj", "{31D9817D-7FCD-4B4C-A877-CB0009FE5BEF}"
EndProject
Project("{FAE04EC0-301F-11D3-BF4B-00C04F79EFBC}") = "ChatClient", "ChatClient\ChatClient.csproj", "{166637B7-3854-42D4-85EA-6BF871A826E3}"
EndProject
Global
	GlobalSection(SolutionConfigurationPlatforms) = preSolution
		Debug|Any CPU = Debug|Any CPU
		Release|Any CPU = Release|Any CPU
	EndGlobalSection
	GlobalSection(ProjectConfigurationPlatforms) = postSolution
		{A7BEADE7-5FE8-4338-94C7-B1B21F9C4D32}.Debug|Any CPU.ActiveCfg = Debug|Any CPU
		{A7BEADE7-5FE8-4338-94C7-B1B21F9C4D32}.Debug|Any CPU.Build.0 = Debug|Any CPU
		{A7BEADE7-5FE8-4338-94C7-B1B21F9C4D32}.Release|Any CPU.ActiveCfg = Release|Any CPU
		{A7BEADE7-5FE8-4338-94C7-B1B21F9C4D32}.Release|Any CPU.Build.0 = Release|Any CPU
		{31D9817D-7FCD-4B4C-A877-CB0009FE5BEF}.Debug|Any CPU.ActiveCfg = Debug|Any CPU
		{31D9817D-7FCD-4B4C-A877-CB0009FE5BEF}.Debug|Any CPU.Build.0 = Debug|Any CPU
		{31D9817D-7FCD-4B4C-A877-CB0009FE5BEF}.Release|Any CPU.ActiveCfg = Release|Any CPU
		{31D9817D-7FCD-4B4C-A877-CB0009FE5BEF}.Release|Any CPU.Build.0 = Release|Any CPU
		{166637B7-3854-42D4-85EA-6BF871A826E3}.Debug|Any CPU.ActiveCfg = Debug|Any CPU
		{166637B7-3854-42D4-85EA-6BF871A826E3}.Debug|Any CPU.Build.0 = Debug|Any CPU
		{166637B7-3854-42D4-85EA-6BF871A826E3}.Release|Any CPU.ActiveCfg = Release|Any CPU
		{166637B7-3854-42D4-85EA-6BF871A826E3}.Release|Any CPU.Build.0 = Release|Any CPU
	EndGlobalSection
	GlobalSection(SolutionProperties) = preSolution
		HideSolutionNode = FALSE
	EndGlobalSection
	GlobalSection(ExtensibilityGlobals) = postSolution
		SolutionGuid = {6366557F-7E73-4640-87CF-113CAE4168FE}
	EndGlobalSection
EndGlobal
